
Microsoft Visual Studio Solution File, Format Version 12.00
# Visual Studio 15
VisualStudioVersion = 15.0.28307.168
MinimumVisualStudioVersion = 10.0.40219.1
Project("{9A19103F-16F7-4668-BE54-9A1E7A4F7556}") = "rockx", "rockx.csproj", "{BF2A0C8D-BB84-4EC5-AF70-5B7C36FB2B82}"
EndProject
Global
	GlobalSection(SolutionConfigurationPlatforms) = preSolution
		Debug|Any CPU = Debug|Any CPU
		Release|Any CPU = Release|Any CPU
	EndGlobalSection
	GlobalSection(ProjectConfigurationPlatforms) = postSolution
		{BF2A0C8D-BB84-4EC5-AF70-5B7C36FB2B82}.Debug|Any CPU.ActiveCfg = Debug|Any CPU
		{BF2A0C8D-BB84-4EC5-AF70-5B7C36FB2B82}.Debug|Any CPU.Build.0 = Debug|Any CPU
		{BF2A0C8D-BB84-4EC5-AF70-5B7C36FB2B82}.Release|Any CPU.ActiveCfg = Release|Any CPU
		{BF2A0C8D-BB84-4EC5-AF70-5B7C36FB2B82}.Release|Any CPU.Build.0 = Release|Any CPU
	EndGlobalSection
	GlobalSection(SolutionProperties) = preSolution
		HideSolutionNode = FALSE
	EndGlobalSection
	GlobalSection(ExtensibilityGlobals) = postSolution
		SolutionGuid = {B3574F61-F59B-43B9-9097-576A4E0A2703}
	EndGlobalSection
EndGlobal
